
Microsoft Visual Studio Solution File, Format Version 12.00
# Visual Studio 2015
Project("{FAE04EC0-301F-11D3-BF4B-00C04F79EFBC}") = "SplatoonCar", "SplatoonCar.csproj", "{9F1E0C23-6F39-AFF7-99D1-1187B6818666}"
EndProject
Project("{FAE04EC0-301F-11D3-BF4B-00C04F79EFBC}") = "SplatoonCar.Editor", "SplatoonCar.Editor.csproj", "{13BCA7C4-F7F2-ED4F-5571-F4B1ECE384A5}"
EndProject
Global
	GlobalSection(SolutionConfigurationPlatforms) = preSolution
		Debug|Any CPU = Debug|Any CPU
		Release|Any CPU = Release|Any CPU
	EndGlobalSection
	GlobalSection(ProjectConfigurationPlatforms) = postSolution
		{9F1E0C23-6F39-AFF7-99D1-1187B6818666}.Debug|Any CPU.ActiveCfg = Debug|Any CPU
		{9F1E0C23-6F39-AFF7-99D1-1187B6818666}.Debug|Any CPU.Build.0 = Debug|Any CPU
		{9F1E0C23-6F39-AFF7-99D1-1187B6818666}.Release|Any CPU.ActiveCfg = Release|Any CPU
		{9F1E0C23-6F39-AFF7-99D1-1187B6818666}.Release|Any CPU.Build.0 = Release|Any CPU
		{13BCA7C4-F7F2-ED4F-5571-F4B1ECE384A5}.Debug|Any CPU.ActiveCfg = Debug|Any CPU
		{13BCA7C4-F7F2-ED4F-5571-F4B1ECE384A5}.Debug|Any CPU.Build.0 = Debug|Any CPU
		{13BCA7C4-F7F2-ED4F-5571-F4B1ECE384A5}.Release|Any CPU.ActiveCfg = Release|Any CPU
		{13BCA7C4-F7F2-ED4F-5571-F4B1ECE384A5}.Release|Any CPU.Build.0 = Release|Any CPU
	EndGlobalSection
	GlobalSection(SolutionProperties) = preSolution
		HideSolutionNode = FALSE
	EndGlobalSection
EndGlobal
